
Microsoft Visual Studio Solution File, Format Version 12.00
# Visual Studio Version 17
VisualStudioVersion = 17.5.002.0
MinimumVisualStudioVersion = 10.0.40219.1
Project("{9A19103F-16F7-4668-BE54-9A1E7A4F7556}") = "LL1", "LL1.csproj", "{4037EC3D-3CDC-4071-9915-7BF61D5C3CB6}"
EndProject
Global
	GlobalSection(SolutionConfigurationPlatforms) = preSolution
		Debug|Any CPU = Debug|Any CPU
		Release|Any CPU = Release|Any CPU
	EndGlobalSection
	GlobalSection(ProjectConfigurationPlatforms) = postSolution
		{4037EC3D-3CDC-4071-9915-7BF61D5C3CB6}.Debug|Any CPU.ActiveCfg = Debug|Any CPU
		{4037EC3D-3CDC-4071-9915-7BF61D5C3CB6}.Debug|Any CPU.Build.0 = Debug|Any CPU
		{4037EC3D-3CDC-4071-9915-7BF61D5C3CB6}.Release|Any CPU.ActiveCfg = Release|Any CPU
		{4037EC3D-3CDC-4071-9915-7BF61D5C3CB6}.Release|Any CPU.Build.0 = Release|Any CPU
	EndGlobalSection
	GlobalSection(SolutionProperties) = preSolution
		HideSolutionNode = FALSE
	EndGlobalSection
	GlobalSection(ExtensibilityGlobals) = postSolution
		SolutionGuid = {57A5082F-A685-45C6-AA9F-E5E991B27135}
	EndGlobalSection
EndGlobal
